
Microsoft Visual Studio Solution File, Format Version 12.00
# Visual Studio 15
VisualStudioVersion = 15.0.26124.0
MinimumVisualStudioVersion = 15.0.26124.0
Project("{FAE04EC0-301F-11D3-BF4B-00C04F79EFBC}") = "BasicClean.Core", "BasicClean.Core\BasicClean.Core.csproj", "{8E52A829-CC0A-4889-B47F-7EDD7B1E0F2B}"
EndProject
Project("{FAE04EC0-301F-11D3-BF4B-00C04F79EFBC}") = "BasicClean.Infrastructure", "BasicClean.Infrastructure\BasicClean.Infrastructure.csproj", "{C6CE4C40-B99F-48EE-ABBF-92B87C145B03}"
EndProject
Project("{FAE04EC0-301F-11D3-BF4B-00C04F79EFBC}") = "BasicClean.Api", "BasicClean.Api\BasicClean.Api.csproj", "{9C1BAA54-E9A1-42FE-B814-AC2D3A3B4540}"
EndProject
Global
	GlobalSection(SolutionConfigurationPlatforms) = preSolution
		Debug|Any CPU = Debug|Any CPU
		Debug|x64 = Debug|x64
		Debug|x86 = Debug|x86
		Release|Any CPU = Release|Any CPU
		Release|x64 = Release|x64
		Release|x86 = Release|x86
	EndGlobalSection
	GlobalSection(SolutionProperties) = preSolution
		HideSolutionNode = FALSE
	EndGlobalSection
	GlobalSection(ProjectConfigurationPlatforms) = postSolution
		{8E52A829-CC0A-4889-B47F-7EDD7B1E0F2B}.Debug|Any CPU.ActiveCfg = Debug|Any CPU
		{8E52A829-CC0A-4889-B47F-7EDD7B1E0F2B}.Debug|Any CPU.Build.0 = Debug|Any CPU
		{8E52A829-CC0A-4889-B47F-7EDD7B1E0F2B}.Debug|x64.ActiveCfg = Debug|Any CPU
		{8E52A829-CC0A-4889-B47F-7EDD7B1E0F2B}.Debug|x64.Build.0 = Debug|Any CPU
		{8E52A829-CC0A-4889-B47F-7EDD7B1E0F2B}.Debug|x86.ActiveCfg = Debug|Any CPU
		{8E52A829-CC0A-4889-B47F-7EDD7B1E0F2B}.Debug|x86.Build.0 = Debug|Any CPU
		{8E52A829-CC0A-4889-B47F-7EDD7B1E0F2B}.Release|Any CPU.ActiveCfg = Release|Any CPU
		{8E52A829-CC0A-4889-B47F-7EDD7B1E0F2B}.Release|Any CPU.Build.0 = Release|Any CPU
		{8E52A829-CC0A-4889-B47F-7EDD7B1E0F2B}.Release|x64.ActiveCfg = Release|Any CPU
		{8E52A829-CC0A-4889-B47F-7EDD7B1E0F2B}.Release|x64.Build.0 = Release|Any CPU
		{8E52A829-CC0A-4889-B47F-7EDD7B1E0F2B}.Release|x86.ActiveCfg = Release|Any CPU
		{8E52A829-CC0A-4889-B47F-7EDD7B1E0F2B}.Release|x86.Build.0 = Release|Any CPU
		{C6CE4C40-B99F-48EE-ABBF-92B87C145B03}.Debug|Any CPU.ActiveCfg = Debug|Any CPU
		{C6CE4C40-B99F-48EE-ABBF-92B87C145B03}.Debug|Any CPU.Build.0 = Debug|Any CPU
		{C6CE4C40-B99F-48EE-ABBF-92B87C145B03}.Debug|x64.ActiveCfg = Debug|Any CPU
		{C6CE4C40-B99F-48EE-ABBF-92B87C145B03}.Debug|x64.Build.0 = Debug|Any CPU
		{C6CE4C40-B99F-48EE-ABBF-92B87C145B03}.Debug|x86.ActiveCfg = Debug|Any CPU
		{C6CE4C40-B99F-48EE-ABBF-92B87C145B03}.Debug|x86.Build.0 = Debug|Any CPU
		{C6CE4C40-B99F-48EE-ABBF-92B87C145B03}.Release|Any CPU.ActiveCfg = Release|Any CPU
		{C6CE4C40-B99F-48EE-ABBF-92B87C145B03}.Release|Any CPU.Build.0 = Release|Any CPU
		{C6CE4C40-B99F-48EE-ABBF-92B87C145B03}.Release|x64.ActiveCfg = Release|Any CPU
		{C6CE4C40-B99F-48EE-ABBF-92B87C145B03}.Release|x64.Build.0 = Release|Any CPU
		{C6CE4C40-B99F-48EE-ABBF-92B87C145B03}.Release|x86.ActiveCfg = Release|Any CPU
		{C6CE4C40-B99F-48EE-ABBF-92B87C145B03}.Release|x86.Build.0 = Release|Any CPU
		{9C1BAA54-E9A1-42FE-B814-AC2D3A3B4540}.Debug|Any CPU.ActiveCfg = Debug|Any CPU
		{9C1BAA54-E9A1-42FE-B814-AC2D3A3B4540}.Debug|Any CPU.Build.0 = Debug|Any CPU
		{9C1BAA54-E9A1-42FE-B814-AC2D3A3B4540}.Debug|x64.ActiveCfg = Debug|Any CPU
		{9C1BAA54-E9A1-42FE-B814-AC2D3A3B4540}.Debug|x64.Build.0 = Debug|Any CPU
		{9C1BAA54-E9A1-42FE-B814-AC2D3A3B4540}.Debug|x86.ActiveCfg = Debug|Any CPU
		{9C1BAA54-E9A1-42FE-B814-AC2D3A3B4540}.Debug|x86.Build.0 = Debug|Any CPU
		{9C1BAA54-E9A1-42FE-B814-AC2D3A3B4540}.Release|Any CPU.ActiveCfg = Release|Any CPU
		{9C1BAA54-E9A1-42FE-B814-AC2D3A3B4540}.Release|Any CPU.Build.0 = Release|Any CPU
		{9C1BAA54-E9A1-42FE-B814-AC2D3A3B4540}.Release|x64.ActiveCfg = Release|Any CPU
		{9C1BAA54-E9A1-42FE-B814-AC2D3A3B4540}.Release|x64.Build.0 = Release|Any CPU
		{9C1BAA54-E9A1-42FE-B814-AC2D3A3B4540}.Release|x86.ActiveCfg = Release|Any CPU
		{9C1BAA54-E9A1-42FE-B814-AC2D3A3B4540}.Release|x86.Build.0 = Release|Any CPU
	EndGlobalSection
EndGlobal
